<Solution>
  <Project Path="Monze.csproj" />
  <Project Path="Monze.Domain/Monze.Domain.csproj" />
  <Project Path="Monze.Application/Monze.Application.csproj" />
  <Project Path="Monze.Infrastructure/Monze.Infrastructure.csproj" />
  <Project Path="Monze.Tests/Monze.Tests.csproj" />
  <Project Path="Monze.Benchmarks/Monze.Benchmarks.csproj" />
  <Project Path="tests/Monze.Testing/Monze.Testing.csproj" />
  <Project Path="tests/Monze.Tests.Integration/Monze.Tests.Integration.csproj" />
  <Project Path="tests/Monze.Tests.Property/Monze.Tests.Property.csproj" />
  <Project Path="tests/Monze.TestReport/Monze.TestReport.csproj" />
</Solution>
